
Microsoft Visual Studio Solution File, Format Version 12.00
# Visual Studio Version 17
VisualStudioVersion = 17.5.33516.290
MinimumVisualStudioVersion = 10.0.40219.1
Project("{9A19103F-16F7-4668-BE54-9A1E7A4F7556}") = "MyCheddarsPal", "MyCheddarsPal\MyCheddarsPal.csproj", "{C039A034-EBB2-4913-BB8A-D624570BEE36}"
EndProject
Global
	GlobalSection(SolutionConfigurationPlatforms) = preSolution
		Debug|Any CPU = Debug|Any CPU
		Release|Any CPU = Release|Any CPU
	EndGlobalSection
	GlobalSection(ProjectConfigurationPlatforms) = postSolution
		{C039A034-EBB2-4913-BB8A-D624570BEE36}.Debug|Any CPU.ActiveCfg = Debug|Any CPU
		{C039A034-EBB2-4913-BB8A-D624570BEE36}.Debug|Any CPU.Build.0 = Debug|Any CPU
		{C039A034-EBB2-4913-BB8A-D624570BEE36}.Debug|Any CPU.Deploy.0 = Debug|Any CPU
		{C039A034-EBB2-4913-BB8A-D624570BEE36}.Release|Any CPU.ActiveCfg = Release|Any CPU
		{C039A034-EBB2-4913-BB8A-D624570BEE36}.Release|Any CPU.Build.0 = Release|Any CPU
		{C039A034-EBB2-4913-BB8A-D624570BEE36}.Release|Any CPU.Deploy.0 = Release|Any CPU
	EndGlobalSection
	GlobalSection(SolutionProperties) = preSolution
		HideSolutionNode = FALSE
	EndGlobalSection
	GlobalSection(ExtensibilityGlobals) = postSolution
		SolutionGuid = {86C4E8A7-BEEC-4A14-B924-6D718F298DAF}
	EndGlobalSection
EndGlobal
